
Microsoft Visual Studio Solution File, Format Version 12.00
# Visual Studio Version 17
VisualStudioVersion = 17.13.35818.85 d17.13
MinimumVisualStudioVersion = 10.0.40219.1
Project("{FAE04EC0-301F-11D3-BF4B-00C04F79EFBC}") = "juanchoWeb", "juanchoWeb.csproj", "{0B739DE9-47B6-4884-AB52-FB4BBA6BF330}"
EndProject
Global
	GlobalSection(SolutionConfigurationPlatforms) = preSolution
		Debug|Any CPU = Debug|Any CPU
		Release|Any CPU = Release|Any CPU
	EndGlobalSection
	GlobalSection(ProjectConfigurationPlatforms) = postSolution
		{0B739DE9-47B6-4884-AB52-FB4BBA6BF330}.Debug|Any CPU.ActiveCfg = Debug|Any CPU
		{0B739DE9-47B6-4884-AB52-FB4BBA6BF330}.Debug|Any CPU.Build.0 = Debug|Any CPU
		{0B739DE9-47B6-4884-AB52-FB4BBA6BF330}.Release|Any CPU.ActiveCfg = Release|Any CPU
		{0B739DE9-47B6-4884-AB52-FB4BBA6BF330}.Release|Any CPU.Build.0 = Release|Any CPU
	EndGlobalSection
	GlobalSection(SolutionProperties) = preSolution
		HideSolutionNode = FALSE
	EndGlobalSection
	GlobalSection(ExtensibilityGlobals) = postSolution
		SolutionGuid = {A410A04E-337A-4EFE-BB9A-BB8EE92B2C54}
	EndGlobalSection
EndGlobal
